
Microsoft Visual Studio Solution File, Format Version 12.00
# Visual Studio Version 17
VisualStudioVersion = 17.5.002.0
MinimumVisualStudioVersion = 10.0.40219.1
Project("{9A19103F-16F7-4668-BE54-9A1E7A4F7556}") = "AbsensiMahasiswa", "AbsensiMahasiswa.csproj", "{BF234B61-D49E-4757-96FB-079F029DFFFA}"
EndProject
Global
	GlobalSection(SolutionConfigurationPlatforms) = preSolution
		Debug|Any CPU = Debug|Any CPU
		Release|Any CPU = Release|Any CPU
	EndGlobalSection
	GlobalSection(ProjectConfigurationPlatforms) = postSolution
		{BF234B61-D49E-4757-96FB-079F029DFFFA}.Debug|Any CPU.ActiveCfg = Debug|Any CPU
		{BF234B61-D49E-4757-96FB-079F029DFFFA}.Debug|Any CPU.Build.0 = Debug|Any CPU
		{BF234B61-D49E-4757-96FB-079F029DFFFA}.Release|Any CPU.ActiveCfg = Release|Any CPU
		{BF234B61-D49E-4757-96FB-079F029DFFFA}.Release|Any CPU.Build.0 = Release|Any CPU
	EndGlobalSection
	GlobalSection(SolutionProperties) = preSolution
		HideSolutionNode = FALSE
	EndGlobalSection
	GlobalSection(ExtensibilityGlobals) = postSolution
		SolutionGuid = {DE955675-D6F4-45D1-BE6C-68930FC525FA}
	EndGlobalSection
EndGlobal
